// !$*UTF8*$!
{
	archiveVersion = 1;
	classes = {
	};
	objectVersion = 55;
	objects = {

/* Begin PBXBuildFile section */
		0978E3E7288C3C1700079DF4 /* AppDelegate.swift in Sources */ = {isa = PBXBuildFile; fileRef = 0978E3E6288C3C1700079DF4 /* AppDelegate.swift */; };
		0978E3E9288C3C1700079DF4 /* SceneDelegate.swift in Sources */ = {isa = PBXBuildFile; fileRef = 0978E3E8288C3C1700079DF4 /* SceneDelegate.swift */; };
		0978E3F0288C3C1900079DF4 /* Assets.xcassets in Resources */ = {isa = PBXBuildFile; fileRef = 0978E3EF288C3C1900079DF4 /* Assets.xcassets */; };
		0978E3F3288C3C1900079DF4 /* LaunchScreen.storyboard in Resources */ = {isa = PBXBuildFile; fileRef = 0978E3F1288C3C1900079DF4 /* LaunchScreen.storyboard */; };
		0978E3FE288C3C1900079DF4 /* PokedexAppTests.swift in Sources */ = {isa = PBXBuildFile; fileRef = 0978E3FD288C3C1900079DF4 /* PokedexAppTests.swift */; };
		0978E408288C3C1900079DF4 /* PokedexAppUITests.swift in Sources */ = {isa = PBXBuildFile; fileRef = 0978E407288C3C1900079DF4 /* PokedexAppUITests.swift */; };
		0978E40A288C3C1900079DF4 /* PokedexAppUITestsLaunchTests.swift in Sources */ = {isa = PBXBuildFile; fileRef = 0978E409288C3C1900079DF4 /* PokedexAppUITestsLaunchTests.swift */; };
		0978E41B288EAC9700079DF4 /* HomeConfigurator.swift in Sources */ = {isa = PBXBuildFile; fileRef = 0978E41A288EAC9700079DF4 /* HomeConfigurator.swift */; };
		0978E41E288EACC600079DF4 /* HomeViewController.swift in Sources */ = {isa = PBXBuildFile; fileRef = 0978E41D288EACC600079DF4 /* HomeViewController.swift */; };
		0978E420288EACDA00079DF4 /* HomeInteractor.swift in Sources */ = {isa = PBXBuildFile; fileRef = 0978E41F288EACDA00079DF4 /* HomeInteractor.swift */; };
		0978E422288EACEC00079DF4 /* HomePresenter.swift in Sources */ = {isa = PBXBuildFile; fileRef = 0978E421288EACEC00079DF4 /* HomePresenter.swift */; };
		0978E425288EAD0E00079DF4 /* HomeRouter.swift in Sources */ = {isa = PBXBuildFile; fileRef = 0978E424288EAD0E00079DF4 /* HomeRouter.swift */; };
		0978E42B288EB0CD00079DF4 /* ViewCodeExtension.swift in Sources */ = {isa = PBXBuildFile; fileRef = 0978E42A288EB0CC00079DF4 /* ViewCodeExtension.swift */; };
		0978E42F288EB11600079DF4 /* ViewCode.swift in Sources */ = {isa = PBXBuildFile; fileRef = 0978E42E288EB11600079DF4 /* ViewCode.swift */; };
		0978E431288EB30600079DF4 /* ModuleFactory.swift in Sources */ = {isa = PBXBuildFile; fileRef = 0978E430288EB30600079DF4 /* ModuleFactory.swift */; };
		0978E434288EBAA200079DF4 /* BaseViewController.swift in Sources */ = {isa = PBXBuildFile; fileRef = 0978E433288EBAA200079DF4 /* BaseViewController.swift */; };
		0978E437288EBAFD00079DF4 /* HomeView.swift in Sources */ = {isa = PBXBuildFile; fileRef = 0978E436288EBAFD00079DF4 /* HomeView.swift */; };
		0987B8CC28915A460034F331 /* Constants.swift in Sources */ = {isa = PBXBuildFile; fileRef = 0987B8CB28915A460034F331 /* Constants.swift */; };
		0987B8CF28918B600034F331 /* PokemonResponse.swift in Sources */ = {isa = PBXBuildFile; fileRef = 0987B8CE28918B600034F331 /* PokemonResponse.swift */; };
		0987B8D128919C640034F331 /* Pokemon.swift in Sources */ = {isa = PBXBuildFile; fileRef = 0987B8D028919C630034F331 /* Pokemon.swift */; };
		0987B8D32892A78A0034F331 /* PokemonListWorker.swift in Sources */ = {isa = PBXBuildFile; fileRef = 0987B8D22892A78A0034F331 /* PokemonListWorker.swift */; };
		09E1AF0028932FF400060446 /* PokemonCell.swift in Sources */ = {isa = PBXBuildFile; fileRef = 09E1AEFF28932FF400060446 /* PokemonCell.swift */; };
/* End PBXBuildFile section */

/* Begin PBXContainerItemProxy section */
		0978E3FA288C3C1900079DF4 /* PBXContainerItemProxy */ = {
			isa = PBXContainerItemProxy;
			containerPortal = 0978E3DB288C3C1700079DF4 /* Project object */;
			proxyType = 1;
			remoteGlobalIDString = 0978E3E2288C3C1700079DF4;
			remoteInfo = PokedexApp;
		};
		0978E404288C3C1900079DF4 /* PBXContainerItemProxy */ = {
			isa = PBXContainerItemProxy;
			containerPortal = 0978E3DB288C3C1700079DF4 /* Project object */;
			proxyType = 1;
			remoteGlobalIDString = 0978E3E2288C3C1700079DF4;
			remoteInfo = PokedexApp;
		};
/* End PBXContainerItemProxy section */

/* Begin PBXFileReference section */
		0978E3E3288C3C1700079DF4 /* PokedexApp.app */ = {isa = PBXFileReference; explicitFileType = wrapper.application; includeInIndex = 0; path = PokedexApp.app; sourceTree = BUILT_PRODUCTS_DIR; };
		0978E3E6288C3C1700079DF4 /* AppDelegate.swift */ = {isa = PBXFileReference; lastKnownFileType = sourcecode.swift; path = AppDelegate.swift; sourceTree = "<group>"; };
		0978E3E8288C3C1700079DF4 /* SceneDelegate.swift */ = {isa = PBXFileReference; lastKnownFileType = sourcecode.swift; path = SceneDelegate.swift; sourceTree = "<group>"; };
		0978E3EF288C3C1900079DF4 /* Assets.xcassets */ = {isa = PBXFileReference; lastKnownFileType = folder.assetcatalog; path = Assets.xcassets; sourceTree = "<group>"; };
		0978E3F2288C3C1900079DF4 /* Base */ = {isa = PBXFileReference; lastKnownFileType = file.storyboard; name = Base; path = Base.lproj/LaunchScreen.storyboard; sourceTree = "<group>"; };
		0978E3F4288C3C1900079DF4 /* Info.plist */ = {isa = PBXFileReference; lastKnownFileType = text.plist.xml; path = Info.plist; sourceTree = "<group>"; };
		0978E3F9288C3C1900079DF4 /* PokedexAppTests.xctest */ = {isa = PBXFileReference; explicitFileType = wrapper.cfbundle; includeInIndex = 0; path = PokedexAppTests.xctest; sourceTree = BUILT_PRODUCTS_DIR; };
		0978E3FD288C3C1900079DF4 /* PokedexAppTests.swift */ = {isa = PBXFileReference; lastKnownFileType = sourcecode.swift; path = PokedexAppTests.swift; sourceTree = "<group>"; };
		0978E403288C3C1900079DF4 /* PokedexAppUITests.xctest */ = {isa = PBXFileReference; explicitFileType = wrapper.cfbundle; includeInIndex = 0; path = PokedexAppUITests.xctest; sourceTree = BUILT_PRODUCTS_DIR; };
		0978E407288C3C1900079DF4 /* PokedexAppUITests.swift */ = {isa = PBXFileReference; lastKnownFileType = sourcecode.swift; path = PokedexAppUITests.swift; sourceTree = "<group>"; };
		0978E409288C3C1900079DF4 /* PokedexAppUITestsLaunchTests.swift */ = {isa = PBXFileReference; lastKnownFileType = sourcecode.swift; path = PokedexAppUITestsLaunchTests.swift; sourceTree = "<group>"; };
		0978E41A288EAC9700079DF4 /* HomeConfigurator.swift */ = {isa = PBXFileReference; lastKnownFileType = sourcecode.swift; path = HomeConfigurator.swift; sourceTree = "<group>"; };
		0978E41D288EACC600079DF4 /* HomeViewController.swift */ = {isa = PBXFileReference; lastKnownFileType = sourcecode.swift; path = HomeViewController.swift; sourceTree = "<group>"; };
		0978E41F288EACDA00079DF4 /* HomeInteractor.swift */ = {isa = PBXFileReference; lastKnownFileType = sourcecode.swift; path = HomeInteractor.swift; sourceTree = "<group>"; };
		0978E421288EACEC00079DF4 /* HomePresenter.swift */ = {isa = PBXFileReference; lastKnownFileType = sourcecode.swift; path = HomePresenter.swift; sourceTree = "<group>"; };
		0978E424288EAD0E00079DF4 /* HomeRouter.swift */ = {isa = PBXFileReference; lastKnownFileType = sourcecode.swift; path = HomeRouter.swift; sourceTree = "<group>"; };
		0978E42A288EB0CC00079DF4 /* ViewCodeExtension.swift */ = {isa = PBXFileReference; lastKnownFileType = sourcecode.swift; path = ViewCodeExtension.swift; sourceTree = "<group>"; };
		0978E42E288EB11600079DF4 /* ViewCode.swift */ = {isa = PBXFileReference; lastKnownFileType = sourcecode.swift; path = ViewCode.swift; sourceTree = "<group>"; };
		0978E430288EB30600079DF4 /* ModuleFactory.swift */ = {isa = PBXFileReference; lastKnownFileType = sourcecode.swift; path = ModuleFactory.swift; sourceTree = "<group>"; };
		0978E433288EBAA200079DF4 /* BaseViewController.swift */ = {isa = PBXFileReference; lastKnownFileType = sourcecode.swift; path = BaseViewController.swift; sourceTree = "<group>"; };
		0978E436288EBAFD00079DF4 /* HomeView.swift */ = {isa = PBXFileReference; lastKnownFileType = sourcecode.swift; path = HomeView.swift; sourceTree = "<group>"; };
		0987B8CB28915A460034F331 /* Constants.swift */ = {isa = PBXFileReference; lastKnownFileType = sourcecode.swift; path = Constants.swift; sourceTree = "<group>"; };
		0987B8CE28918B600034F331 /* PokemonResponse.swift */ = {isa = PBXFileReference; lastKnownFileType = sourcecode.swift; path = PokemonResponse.swift; sourceTree = "<group>"; };
		0987B8D028919C630034F331 /* Pokemon.swift */ = {isa = PBXFileReference; lastKnownFileType = sourcecode.swift; path = Pokemon.swift; sourceTree = "<group>"; };
		0987B8D22892A78A0034F331 /* PokemonListWorker.swift */ = {isa = PBXFileReference; lastKnownFileType = sourcecode.swift; path = PokemonListWorker.swift; sourceTree = "<group>"; };
		09E1AEFF28932FF400060446 /* PokemonCell.swift */ = {isa = PBXFileReference; lastKnownFileType = sourcecode.swift; path = PokemonCell.swift; sourceTree = "<group>"; };
/* End PBXFileReference section */

/* Begin PBXFrameworksBuildPhase section */
		0978E3E0288C3C1700079DF4 /* Frameworks */ = {
			isa = PBXFrameworksBuildPhase;
			buildActionMask = 2147483647;
			files = (
			);
			runOnlyForDeploymentPostprocessing = 0;
		};
		0978E3F6288C3C1900079DF4 /* Frameworks */ = {
			isa = PBXFrameworksBuildPhase;
			buildActionMask = 2147483647;
			files = (
			);
			runOnlyForDeploymentPostprocessing = 0;
		};
		0978E400288C3C1900079DF4 /* Frameworks */ = {
			isa = PBXFrameworksBuildPhase;
			buildActionMask = 2147483647;
			files = (
			);
			runOnlyForDeploymentPostprocessing = 0;
		};
/* End PBXFrameworksBuildPhase section */

/* Begin PBXGroup section */
		0978E3DA288C3C1700079DF4 = {
			isa = PBXGroup;
			children = (
				0978E3E5288C3C1700079DF4 /* PokedexApp */,
				0978E3FC288C3C1900079DF4 /* PokedexAppTests */,
				0978E406288C3C1900079DF4 /* PokedexAppUITests */,
				0978E3E4288C3C1700079DF4 /* Products */,
			);
			sourceTree = "<group>";
		};
		0978E3E4288C3C1700079DF4 /* Products */ = {
			isa = PBXGroup;
			children = (
				0978E3E3288C3C1700079DF4 /* PokedexApp.app */,
				0978E3F9288C3C1900079DF4 /* PokedexAppTests.xctest */,
				0978E403288C3C1900079DF4 /* PokedexAppUITests.xctest */,
			);
			name = Products;
			sourceTree = "<group>";
		};
		0978E3E5288C3C1700079DF4 /* PokedexApp */ = {
			isa = PBXGroup;
			children = (
				0978E418288EAC1800079DF4 /* AppDelegate */,
				0978E426288EAEDC00079DF4 /* Common */,
				0978E416288EABEF00079DF4 /* Modules */,
				0978E417288EAC0C00079DF4 /* Resources */,
				0978E3F4288C3C1900079DF4 /* Info.plist */,
			);
			path = PokedexApp;
			sourceTree = "<group>";
		};
		0978E3FC288C3C1900079DF4 /* PokedexAppTests */ = {
			isa = PBXGroup;
			children = (
				0978E3FD288C3C1900079DF4 /* PokedexAppTests.swift */,
			);
			path = PokedexAppTests;
			sourceTree = "<group>";
		};
		0978E406288C3C1900079DF4 /* PokedexAppUITests */ = {
			isa = PBXGroup;
			children = (
				0978E407288C3C1900079DF4 /* PokedexAppUITests.swift */,
				0978E409288C3C1900079DF4 /* PokedexAppUITestsLaunchTests.swift */,
			);
			path = PokedexAppUITests;
			sourceTree = "<group>";
		};
		0978E416288EABEF00079DF4 /* Modules */ = {
			isa = PBXGroup;
			children = (
				0978E419288EAC8100079DF4 /* Home */,
			);
			path = Modules;
			sourceTree = "<group>";
		};
		0978E417288EAC0C00079DF4 /* Resources */ = {
			isa = PBXGroup;
			children = (
				0978E3F1288C3C1900079DF4 /* LaunchScreen.storyboard */,
				0978E3EF288C3C1900079DF4 /* Assets.xcassets */,
			);
			path = Resources;
			sourceTree = "<group>";
		};
		0978E418288EAC1800079DF4 /* AppDelegate */ = {
			isa = PBXGroup;
			children = (
				0978E3E8288C3C1700079DF4 /* SceneDelegate.swift */,
				0978E3E6288C3C1700079DF4 /* AppDelegate.swift */,
			);
			path = AppDelegate;
			sourceTree = "<group>";
		};
		0978E419288EAC8100079DF4 /* Home */ = {
			isa = PBXGroup;
			children = (
				0978E435288EBAD300079DF4 /* Views */,
				0978E41D288EACC600079DF4 /* HomeViewController.swift */,
				0978E41F288EACDA00079DF4 /* HomeInteractor.swift */,
				0978E421288EACEC00079DF4 /* HomePresenter.swift */,
				0978E41A288EAC9700079DF4 /* HomeConfigurator.swift */,
				0978E424288EAD0E00079DF4 /* HomeRouter.swift */,
				0987B8D22892A78A0034F331 /* PokemonListWorker.swift */,
			);
			path = Home;
			sourceTree = "<group>";
		};
		0978E426288EAEDC00079DF4 /* Common */ = {
			isa = PBXGroup;
			children = (
				0987B8CD28918B360034F331 /* Models */,
				0978E432288EBA9000079DF4 /* BaseClasses */,
				0978E42C288EB0F100079DF4 /* Protocols */,
				0978E429288EAF1100079DF4 /* Extensions */,
				0987B8CB28915A460034F331 /* Constants.swift */,
			);
			path = Common;
			sourceTree = "<group>";
		};
		0978E429288EAF1100079DF4 /* Extensions */ = {
			isa = PBXGroup;
			children = (
				0978E42A288EB0CC00079DF4 /* ViewCodeExtension.swift */,
			);
			path = Extensions;
			sourceTree = "<group>";
		};
		0978E42C288EB0F100079DF4 /* Protocols */ = {
			isa = PBXGroup;
			children = (
				0978E42E288EB11600079DF4 /* ViewCode.swift */,
				0978E430288EB30600079DF4 /* ModuleFactory.swift */,
			);
			path = Protocols;
			sourceTree = "<group>";
		};
		0978E432288EBA9000079DF4 /* BaseClasses */ = {
			isa = PBXGroup;
			children = (
				0978E433288EBAA200079DF4 /* BaseViewController.swift */,
			);
			path = BaseClasses;
			sourceTree = "<group>";
		};
		0978E435288EBAD300079DF4 /* Views */ = {
			isa = PBXGroup;
			children = (
				0978E436288EBAFD00079DF4 /* HomeView.swift */,
				09E1AEFF28932FF400060446 /* PokemonCell.swift */,
			);
			path = Views;
			sourceTree = "<group>";
		};
		0987B8CD28918B360034F331 /* Models */ = {
			isa = PBXGroup;
			children = (
				0987B8CE28918B600034F331 /* PokemonResponse.swift */,
				0987B8D028919C630034F331 /* Pokemon.swift */,
			);
			path = Models;
			sourceTree = "<group>";
		};
/* End PBXGroup section */

/* Begin PBXNativeTarget section */
		0978E3E2288C3C1700079DF4 /* PokedexApp */ = {
			isa = PBXNativeTarget;
			buildConfigurationList = 0978E40D288C3C1900079DF4 /* Build configuration list for PBXNativeTarget "PokedexApp" */;
			buildPhases = (
				0978E3DF288C3C1700079DF4 /* Sources */,
				0978E3E0288C3C1700079DF4 /* Frameworks */,
				0978E3E1288C3C1700079DF4 /* Resources */,
			);
			buildRules = (
			);
			dependencies = (
			);
			name = PokedexApp;
			productName = PokedexApp;
			productReference = 0978E3E3288C3C1700079DF4 /* PokedexApp.app */;
			productType = "com.apple.product-type.application";
		};
		0978E3F8288C3C1900079DF4 /* PokedexAppTests */ = {
			isa = PBXNativeTarget;
			buildConfigurationList = 0978E410288C3C1900079DF4 /* Build configuration list for PBXNativeTarget "PokedexAppTests" */;
			buildPhases = (
				0978E3F5288C3C1900079DF4 /* Sources */,
				0978E3F6288C3C1900079DF4 /* Frameworks */,
				0978E3F7288C3C1900079DF4 /* Resources */,
			);
			buildRules = (
			);
			dependencies = (
				0978E3FB288C3C1900079DF4 /* PBXTargetDependency */,
			);
			name = PokedexAppTests;
			productName = PokedexAppTests;
			productReference = 0978E3F9288C3C1900079DF4 /* PokedexAppTests.xctest */;
			productType = "com.apple.product-type.bundle.unit-test";
		};
		0978E402288C3C1900079DF4 /* PokedexAppUITests */ = {
			isa = PBXNativeTarget;
			buildConfigurationList = 0978E413288C3C1900079DF4 /* Build configuration list for PBXNativeTarget "PokedexAppUITests" */;
			buildPhases = (
				0978E3FF288C3C1900079DF4 /* Sources */,
				0978E400288C3C1900079DF4 /* Frameworks */,
				0978E401288C3C1900079DF4 /* Resources */,
			);
			buildRules = (
			);
			dependencies = (
				0978E405288C3C1900079DF4 /* PBXTargetDependency */,
			);
			name = PokedexAppUITests;
			productName = PokedexAppUITests;
			productReference = 0978E403288C3C1900079DF4 /* PokedexAppUITests.xctest */;
			productType = "com.apple.product-type.bundle.ui-testing";
		};
/* End PBXNativeTarget section */

/* Begin PBXProject section */
		0978E3DB288C3C1700079DF4 /* Project object */ = {
			isa = PBXProject;
			attributes = {
				BuildIndependentTargetsInParallel = 1;
				LastSwiftUpdateCheck = 1340;
				LastUpgradeCheck = 1340;
				TargetAttributes = {
					0978E3E2288C3C1700079DF4 = {
						CreatedOnToolsVersion = 13.4.1;
					};
					0978E3F8288C3C1900079DF4 = {
						CreatedOnToolsVersion = 13.4.1;
						TestTargetID = 0978E3E2288C3C1700079DF4;
					};
					0978E402288C3C1900079DF4 = {
						CreatedOnToolsVersion = 13.4.1;
						TestTargetID = 0978E3E2288C3C1700079DF4;
					};
				};
			};
			buildConfigurationList = 0978E3DE288C3C1700079DF4 /* Build configuration list for PBXProject "PokedexApp" */;
			compatibilityVersion = "Xcode 13.0";
			developmentRegion = en;
			hasScannedForEncodings = 0;
			knownRegions = (
				en,
				Base,
			);
			mainGroup = 0978E3DA288C3C1700079DF4;
			productRefGroup = 0978E3E4288C3C1700079DF4 /* Products */;
			projectDirPath = "";
			projectRoot = "";
			targets = (
				0978E3E2288C3C1700079DF4 /* PokedexApp */,
				0978E3F8288C3C1900079DF4 /* PokedexAppTests */,
				0978E402288C3C1900079DF4 /* PokedexAppUITests */,
			);
		};
/* End PBXProject section */

/* Begin PBXResourcesBuildPhase section */
		0978E3E1288C3C1700079DF4 /* Resources */ = {
			isa = PBXResourcesBuildPhase;
			buildActionMask = 2147483647;
			files = (
				0978E3F3288C3C1900079DF4 /* LaunchScreen.storyboard in Resources */,
				0978E3F0288C3C1900079DF4 /* Assets.xcassets in Resources */,
			);
			runOnlyForDeploymentPostprocessing = 0;
		};
		0978E3F7288C3C1900079DF4 /* Resources */ = {
			isa = PBXResourcesBuildPhase;
			buildActionMask = 2147483647;
			files = (
			);
			runOnlyForDeploymentPostprocessing = 0;
		};
		0978E401288C3C1900079DF4 /* Resources */ = {
			isa = PBXResourcesBuildPhase;
			buildActionMask = 2147483647;
			files = (
			);
			runOnlyForDeploymentPostprocessing = 0;
		};
/* End PBXResourcesBuildPhase section */

/* Begin PBXSourcesBuildPhase section */
		0978E3DF288C3C1700079DF4 /* Sources */ = {
			isa = PBXSourcesBuildPhase;
			buildActionMask = 2147483647;
			files = (
				09E1AF0028932FF400060446 /* PokemonCell.swift in Sources */,
				0978E422288EACEC00079DF4 /* HomePresenter.swift in Sources */,
				0987B8D32892A78A0034F331 /* PokemonListWorker.swift in Sources */,
				0978E41E288EACC600079DF4 /* HomeViewController.swift in Sources */,
				0978E434288EBAA200079DF4 /* BaseViewController.swift in Sources */,
				0978E431288EB30600079DF4 /* ModuleFactory.swift in Sources */,
				0987B8CF28918B600034F331 /* PokemonResponse.swift in Sources */,
				0987B8D128919C640034F331 /* Pokemon.swift in Sources */,
				0978E41B288EAC9700079DF4 /* HomeConfigurator.swift in Sources */,
				0978E420288EACDA00079DF4 /* HomeInteractor.swift in Sources */,
				0978E425288EAD0E00079DF4 /* HomeRouter.swift in Sources */,
				0987B8CC28915A460034F331 /* Constants.swift in Sources */,
				0978E42B288EB0CD00079DF4 /* ViewCodeExtension.swift in Sources */,
				0978E3E7288C3C1700079DF4 /* AppDelegate.swift in Sources */,
				0978E437288EBAFD00079DF4 /* HomeView.swift in Sources */,
				0978E42F288EB11600079DF4 /* ViewCode.swift in Sources */,
				0978E3E9288C3C1700079DF4 /* SceneDelegate.swift in Sources */,
			);
			runOnlyForDeploymentPostprocessing = 0;
		};
		0978E3F5288C3C1900079DF4 /* Sources */ = {
			isa = PBXSourcesBuildPhase;
			buildActionMask = 2147483647;
			files = (
				0978E3FE288C3C1900079DF4 /* PokedexAppTests.swift in Sources */,
			);
			runOnlyForDeploymentPostprocessing = 0;
		};
		0978E3FF288C3C1900079DF4 /* Sources */ = {
			isa = PBXSourcesBuildPhase;
			buildActionMask = 2147483647;
			files = (
				0978E408288C3C1900079DF4 /* PokedexAppUITests.swift in Sources */,
				0978E40A288C3C1900079DF4 /* PokedexAppUITestsLaunchTests.swift in Sources */,
			);
			runOnlyForDeploymentPostprocessing = 0;
		};
/* End PBXSourcesBuildPhase section */

/* Begin PBXTargetDependency section */
		0978E3FB288C3C1900079DF4 /* PBXTargetDependency */ = {
			isa = PBXTargetDependency;
			target = 0978E3E2288C3C1700079DF4 /* PokedexApp */;
			targetProxy = 0978E3FA288C3C1900079DF4 /* PBXContainerItemProxy */;
		};
		0978E405288C3C1900079DF4 /* PBXTargetDependency */ = {
			isa = PBXTargetDependency;
			target = 0978E3E2288C3C1700079DF4 /* PokedexApp */;
			targetProxy = 0978E404288C3C1900079DF4 /* PBXContainerItemProxy */;
		};
/* End PBXTargetDependency section */

/* Begin PBXVariantGroup section */
		0978E3F1288C3C1900079DF4 /* LaunchScreen.storyboard */ = {
			isa = PBXVariantGroup;
			children = (
				0978E3F2288C3C1900079DF4 /* Base */,
			);
			name = LaunchScreen.storyboard;
			sourceTree = "<group>";
		};
/* End PBXVariantGroup section */

/* Begin XCBuildConfiguration section */
		0978E40B288C3C1900079DF4 /* Debug */ = {
			isa = XCBuildConfiguration;
			buildSettings = {
				ALWAYS_SEARCH_USER_PATHS = NO;
				CLANG_ANALYZER_NONNULL = YES;
				CLANG_ANALYZER_NUMBER_OBJECT_CONVERSION = YES_AGGRESSIVE;
				CLANG_CXX_LANGUAGE_STANDARD = "gnu++17";
				CLANG_ENABLE_MODULES = YES;
				CLANG_ENABLE_OBJC_ARC = YES;
				CLANG_ENABLE_OBJC_WEAK = YES;
				CLANG_WARN_BLOCK_CAPTURE_AUTORELEASING = YES;
				CLANG_WARN_BOOL_CONVERSION = YES;
				CLANG_WARN_COMMA = YES;
				CLANG_WARN_CONSTANT_CONVERSION = YES;
				CLANG_WARN_DEPRECATED_OBJC_IMPLEMENTATIONS = YES;
				CLANG_WARN_DIRECT_OBJC_ISA_USAGE = YES_ERROR;
				CLANG_WARN_DOCUMENTATION_COMMENTS = YES;
				CLANG_WARN_EMPTY_BODY = YES;
				CLANG_WARN_ENUM_CONVERSION = YES;
				CLANG_WARN_INFINITE_RECURSION = YES;
				CLANG_WARN_INT_CONVERSION = YES;
				CLANG_WARN_NON_LITERAL_NULL_CONVERSION = YES;
				CLANG_WARN_OBJC_IMPLICIT_RETAIN_SELF = YES;
				CLANG_WARN_OBJC_LITERAL_CONVERSION = YES;
				CLANG_WARN_OBJC_ROOT_CLASS = YES_ERROR;
				CLANG_WARN_QUOTED_INCLUDE_IN_FRAMEWORK_HEADER = YES;
				CLANG_WARN_RANGE_LOOP_ANALYSIS = YES;
				CLANG_WARN_STRICT_PROTOTYPES = YES;
				CLANG_WARN_SUSPICIOUS_MOVE = YES;
				CLANG_WARN_UNGUARDED_AVAILABILITY = YES_AGGRESSIVE;
				CLANG_WARN_UNREACHABLE_CODE = YES;
				CLANG_WARN__DUPLICATE_METHOD_MATCH = YES;
				COPY_PHASE_STRIP = NO;
				DEBUG_INFORMATION_FORMAT = dwarf;
				ENABLE_STRICT_OBJC_MSGSEND = YES;
				ENABLE_TESTABILITY = YES;
				GCC_C_LANGUAGE_STANDARD = gnu11;
				GCC_DYNAMIC_NO_PIC = NO;
				GCC_NO_COMMON_BLOCKS = YES;
				GCC_OPTIMIZATION_LEVEL = 0;
				GCC_PREPROCESSOR_DEFINITIONS = (
					"DEBUG=1",
					"$(inherited)",
				);
				GCC_WARN_64_TO_32_BIT_CONVERSION = YES;
				GCC_WARN_ABOUT_RETURN_TYPE = YES_ERROR;
				GCC_WARN_UNDECLARED_SELECTOR = YES;
				GCC_WARN_UNINITIALIZED_AUTOS = YES_AGGRESSIVE;
				GCC_WARN_UNUSED_FUNCTION = YES;
				GCC_WARN_UNUSED_VARIABLE = YES;
				IPHONEOS_DEPLOYMENT_TARGET = 15.5;
				MTL_ENABLE_DEBUG_INFO = INCLUDE_SOURCE;
				MTL_FAST_MATH = YES;
				ONLY_ACTIVE_ARCH = YES;
				SDKROOT = iphoneos;
				SWIFT_ACTIVE_COMPILATION_CONDITIONS = DEBUG;
				SWIFT_OPTIMIZATION_LEVEL = "-Onone";
			};
			name = Debug;
		};
		0978E40C288C3C1900079DF4 /* Release */ = {
			isa = XCBuildConfiguration;
			buildSettings = {
				ALWAYS_SEARCH_USER_PATHS = NO;
				CLANG_ANALYZER_NONNULL = YES;
				CLANG_ANALYZER_NUMBER_OBJECT_CONVERSION = YES_AGGRESSIVE;
				CLANG_CXX_LANGUAGE_STANDARD = "gnu++17";
				CLANG_ENABLE_MODULES = YES;
				CLANG_ENABLE_OBJC_ARC = YES;
				CLANG_ENABLE_OBJC_WEAK = YES;
				CLANG_WARN_BLOCK_CAPTURE_AUTORELEASING = YES;
				CLANG_WARN_BOOL_CONVERSION = YES;
				CLANG_WARN_COMMA = YES;
				CLANG_WARN_CONSTANT_CONVERSION = YES;
				CLANG_WARN_DEPRECATED_OBJC_IMPLEMENTATIONS = YES;
				CLANG_WARN_DIRECT_OBJC_ISA_USAGE = YES_ERROR;
				CLANG_WARN_DOCUMENTATION_COMMENTS = YES;
				CLANG_WARN_EMPTY_BODY = YES;
				CLANG_WARN_ENUM_CONVERSION = YES;
				CLANG_WARN_INFINITE_RECURSION = YES;
				CLANG_WARN_INT_CONVERSION = YES;
				CLANG_WARN_NON_LITERAL_NULL_CONVERSION = YES;
				CLANG_WARN_OBJC_IMPLICIT_RETAIN_SELF = YES;
				CLANG_WARN_OBJC_LITERAL_CONVERSION = YES;
				CLANG_WARN_OBJC_ROOT_CLASS = YES_ERROR;
				CLANG_WARN_QUOTED_INCLUDE_IN_FRAMEWORK_HEADER = YES;
				CLANG_WARN_RANGE_LOOP_ANALYSIS = YES;
				CLANG_WARN_STRICT_PROTOTYPES = YES;
				CLANG_WARN_SUSPICIOUS_MOVE = YES;
				CLANG_WARN_UNGUARDED_AVAILABILITY = YES_AGGRESSIVE;
				CLANG_WARN_UNREACHABLE_CODE = YES;
				CLANG_WARN__DUPLICATE_METHOD_MATCH = YES;
				COPY_PHASE_STRIP = NO;
				DEBUG_INFORMATION_FORMAT = "dwarf-with-dsym";
				ENABLE_NS_ASSERTIONS = NO;
				ENABLE_STRICT_OBJC_MSGSEND = YES;
				GCC_C_LANGUAGE_STANDARD = gnu11;
				GCC_NO_COMMON_BLOCKS = YES;
				GCC_WARN_64_TO_32_BIT_CONVERSION = YES;
				GCC_WARN_ABOUT_RETURN_TYPE = YES_ERROR;
				GCC_WARN_UNDECLARED_SELECTOR = YES;
				GCC_WARN_UNINITIALIZED_AUTOS = YES_AGGRESSIVE;
				GCC_WARN_UNUSED_FUNCTION = YES;
				GCC_WARN_UNUSED_VARIABLE = YES;
				IPHONEOS_DEPLOYMENT_TARGET = 15.5;
				MTL_ENABLE_DEBUG_INFO = NO;
				MTL_FAST_MATH = YES;
				SDKROOT = iphoneos;
				SWIFT_COMPILATION_MODE = wholemodule;
				SWIFT_OPTIMIZATION_LEVEL = "-O";
				VALIDATE_PRODUCT = YES;
			};
			name = Release;
		};
		0978E40E288C3C1900079DF4 /* Debug */ = {
			isa = XCBuildConfiguration;
			buildSettings = {
				ASSETCATALOG_COMPILER_APPICON_NAME = AppIcon;
				ASSETCATALOG_COMPILER_GLOBAL_ACCENT_COLOR_NAME = AccentColor;
				CODE_SIGN_STYLE = Automatic;
				CURRENT_PROJECT_VERSION = 1;
				DEVELOPMENT_TEAM = 3MWCW3Z467;
				GENERATE_INFOPLIST_FILE = YES;
				INFOPLIST_FILE = PokedexApp/Info.plist;
				INFOPLIST_KEY_UIApplicationSupportsIndirectInputEvents = YES;
				INFOPLIST_KEY_UILaunchStoryboardName = LaunchScreen;
				INFOPLIST_KEY_UISupportedInterfaceOrientations_iPad = "UIInterfaceOrientationPortrait UIInterfaceOrientationPortraitUpsideDown UIInterfaceOrientationLandscapeLeft UIInterfaceOrientationLandscapeRight";
				INFOPLIST_KEY_UISupportedInterfaceOrientations_iPhone = "UIInterfaceOrientationPortrait UIInterfaceOrientationLandscapeLeft UIInterfaceOrientationLandscapeRight";
				LD_RUNPATH_SEARCH_PATHS = (
					"$(inherited)",
					"@executable_path/Frameworks",
				);
				MARKETING_VERSION = 1.0;
				PRODUCT_BUNDLE_IDENTIFIER = com.KrekBot.PokedexApp;
				PRODUCT_NAME = "$(TARGET_NAME)";
				SWIFT_EMIT_LOC_STRINGS = YES;
				SWIFT_VERSION = 5.0;
				TARGETED_DEVICE_FAMILY = "1,2";
			};
			name = Debug;
		};
		0978E40F288C3C1900079DF4 /* Release */ = {
			isa = XCBuildConfiguration;
			buildSettings = {
				ASSETCATALOG_COMPILER_APPICON_NAME = AppIcon;
				ASSETCATALOG_COMPILER_GLOBAL_ACCENT_COLOR_NAME = AccentColor;
				CODE_SIGN_STYLE = Automatic;
				CURRENT_PROJECT_VERSION = 1;
				DEVELOPMENT_TEAM = 3MWCW3Z467;
				GENERATE_INFOPLIST_FILE = YES;
				INFOPLIST_FILE = PokedexApp/Info.plist;
				INFOPLIST_KEY_UIApplicationSupportsIndirectInputEvents = YES;
				INFOPLIST_KEY_UILaunchStoryboardName = LaunchScreen;
				INFOPLIST_KEY_UISupportedInterfaceOrientations_iPad = "UIInterfaceOrientationPortrait UIInterfaceOrientationPortraitUpsideDown UIInterfaceOrientationLandscapeLeft UIInterfaceOrientationLandscapeRight";
				INFOPLIST_KEY_UISupportedInterfaceOrientations_iPhone = "UIInterfaceOrientationPortrait UIInterfaceOrientationLandscapeLeft UIInterfaceOrientationLandscapeRight";
				LD_RUNPATH_SEARCH_PATHS = (
					"$(inherited)",
					"@executable_path/Frameworks",
				);
				MARKETING_VERSION = 1.0;
				PRODUCT_BUNDLE_IDENTIFIER = com.KrekBot.PokedexApp;
				PRODUCT_NAME = "$(TARGET_NAME)";
				SWIFT_EMIT_LOC_STRINGS = YES;
				SWIFT_VERSION = 5.0;
				TARGETED_DEVICE_FAMILY = "1,2";
			};
			name = Release;
		};
		0978E411288C3C1900079DF4 /* Debug */ = {
			isa = XCBuildConfiguration;
			buildSettings = {
				ALWAYS_EMBED_SWIFT_STANDARD_LIBRARIES = YES;
				BUNDLE_LOADER = "$(TEST_HOST)";
				CODE_SIGN_STYLE = Automatic;
				CURRENT_PROJECT_VERSION = 1;
				DEVELOPMENT_TEAM = 3MWCW3Z467;
				GENERATE_INFOPLIST_FILE = YES;
				IPHONEOS_DEPLOYMENT_TARGET = 15.5;
				MARKETING_VERSION = 1.0;
				PRODUCT_BUNDLE_IDENTIFIER = com.KrekBot.PokedexAppTests;
				PRODUCT_NAME = "$(TARGET_NAME)";
				SWIFT_EMIT_LOC_STRINGS = NO;
				SWIFT_VERSION = 5.0;
				TARGETED_DEVICE_FAMILY = "1,2";
				TEST_HOST = "$(BUILT_PRODUCTS_DIR)/PokedexApp.app/PokedexApp";
			};
			name = Debug;
		};
		0978E412288C3C1900079DF4 /* Release */ = {
			isa = XCBuildConfiguration;
			buildSettings = {
				ALWAYS_EMBED_SWIFT_STANDARD_LIBRARIES = YES;
				BUNDLE_LOADER = "$(TEST_HOST)";
				CODE_SIGN_STYLE = Automatic;
				CURRENT_PROJECT_VERSION = 1;
				DEVELOPMENT_TEAM = 3MWCW3Z467;
				GENERATE_INFOPLIST_FILE = YES;
				IPHONEOS_DEPLOYMENT_TARGET = 15.5;
				MARKETING_VERSION = 1.0;
				PRODUCT_BUNDLE_IDENTIFIER = com.KrekBot.PokedexAppTests;
				PRODUCT_NAME = "$(TARGET_NAME)";
				SWIFT_EMIT_LOC_STRINGS = NO;
				SWIFT_VERSION = 5.0;
				TARGETED_DEVICE_FAMILY = "1,2";
				TEST_HOST = "$(BUILT_PRODUCTS_DIR)/PokedexApp.app/PokedexApp";
			};
			name = Release;
		};
		0978E414288C3C1900079DF4 /* Debug */ = {
			isa = XCBuildConfiguration;
			buildSettings = {
				ALWAYS_EMBED_SWIFT_STANDARD_LIBRARIES = YES;
				CODE_SIGN_STYLE = Automatic;
				CURRENT_PROJECT_VERSION = 1;
				DEVELOPMENT_TEAM = 3MWCW3Z467;
				GENERATE_INFOPLIST_FILE = YES;
				MARKETING_VERSION = 1.0;
				PRODUCT_BUNDLE_IDENTIFIER = com.KrekBot.PokedexAppUITests;
				PRODUCT_NAME = "$(TARGET_NAME)";
				SWIFT_EMIT_LOC_STRINGS = NO;
				SWIFT_VERSION = 5.0;
				TARGETED_DEVICE_FAMILY = "1,2";
				TEST_TARGET_NAME = PokedexApp;
			};
			name = Debug;
		};
		0978E415288C3C1900079DF4 /* Release */ = {
			isa = XCBuildConfiguration;
			buildSettings = {
				ALWAYS_EMBED_SWIFT_STANDARD_LIBRARIES = YES;
				CODE_SIGN_STYLE = Automatic;
				CURRENT_PROJECT_VERSION = 1;
				DEVELOPMENT_TEAM = 3MWCW3Z467;
				GENERATE_INFOPLIST_FILE = YES;
				MARKETING_VERSION = 1.0;
				PRODUCT_BUNDLE_IDENTIFIER = com.KrekBot.PokedexAppUITests;
				PRODUCT_NAME = "$(TARGET_NAME)";
				SWIFT_EMIT_LOC_STRINGS = NO;
				SWIFT_VERSION = 5.0;
				TARGETED_DEVICE_FAMILY = "1,2";
				TEST_TARGET_NAME = PokedexApp;
			};
			name = Release;
		};
/* End XCBuildConfiguration section */

/* Begin XCConfigurationList section */
		0978E3DE288C3C1700079DF4 /* Build configuration list for PBXProject "PokedexApp" */ = {
			isa = XCConfigurationList;
			buildConfigurations = (
				0978E40B288C3C1900079DF4 /* Debug */,
				0978E40C288C3C1900079DF4 /* Release */,
			);
			defaultConfigurationIsVisible = 0;
			defaultConfigurationName = Release;
		};
		0978E40D288C3C1900079DF4 /* Build configuration list for PBXNativeTarget "PokedexApp" */ = {
			isa = XCConfigurationList;
			buildConfigurations = (
				0978E40E288C3C1900079DF4 /* Debug */,
				0978E40F288C3C1900079DF4 /* Release */,
			);
			defaultConfigurationIsVisible = 0;
			defaultConfigurationName = Release;
		};
		0978E410288C3C1900079DF4 /* Build configuration list for PBXNativeTarget "PokedexAppTests" */ = {
			isa = XCConfigurationList;
			buildConfigurations = (
				0978E411288C3C1900079DF4 /* Debug */,
				0978E412288C3C1900079DF4 /* Release */,
			);
			defaultConfigurationIsVisible = 0;
			defaultConfigurationName = Release;
		};
		0978E413288C3C1900079DF4 /* Build configuration list for PBXNativeTarget "PokedexAppUITests" */ = {
			isa = XCConfigurationList;
			buildConfigurations = (
				0978E414288C3C1900079DF4 /* Debug */,
				0978E415288C3C1900079DF4 /* Release */,
			);
			defaultConfigurationIsVisible = 0;
			defaultConfigurationName = Release;
		};
/* End XCConfigurationList section */
	};
	rootObject = 0978E3DB288C3C1700079DF4 /* Project object */;
}
